
Microsoft Visual Studio Solution File, Format Version 11.00
# Visual Studio 2010 Express for Windows Phone
Project("{FAE04EC0-301F-11D3-BF4B-00C04F79EFBC}") = "Przegladarka", "Przegladarka\Przegladarka.csproj", "{D7B39A3E-0522-48DD-9310-3E56B4A203EF}"
EndProject
Global
	GlobalSection(SolutionConfigurationPlatforms) = preSolution
		Debug|Any CPU = Debug|Any CPU
		Release|Any CPU = Release|Any CPU
	EndGlobalSection
	GlobalSection(ProjectConfigurationPlatforms) = postSolution
		{D7B39A3E-0522-48DD-9310-3E56B4A203EF}.Debug|Any CPU.ActiveCfg = Debug|Any CPU
		{D7B39A3E-0522-48DD-9310-3E56B4A203EF}.Debug|Any CPU.Build.0 = Debug|Any CPU
		{D7B39A3E-0522-48DD-9310-3E56B4A203EF}.Debug|Any CPU.Deploy.0 = Debug|Any CPU
		{D7B39A3E-0522-48DD-9310-3E56B4A203EF}.Release|Any CPU.ActiveCfg = Release|Any CPU
		{D7B39A3E-0522-48DD-9310-3E56B4A203EF}.Release|Any CPU.Build.0 = Release|Any CPU
		{D7B39A3E-0522-48DD-9310-3E56B4A203EF}.Release|Any CPU.Deploy.0 = Release|Any CPU
	EndGlobalSection
	GlobalSection(SolutionProperties) = preSolution
		HideSolutionNode = FALSE
	EndGlobalSection
EndGlobal
